<?xml version="1.0" encoding="utf-8"?>
<Project ToolsVersion="4.0" xmlns="http://schemas.microsoft.com/developer/msbuild/2003">
  <ItemGroup>
    <Filter Include="Source Files">
      <UniqueIdentifier>{4FC737F1-C7A5-4376-A066-2A32D752A2FF}</UniqueIdentifier>
      <Extensions>cpp;c;cc;cxx;def;odl;idl;hpj;bat;asm;asmx</Extensions>
    </Filter>
    <Filter Include="Header Files">
      <UniqueIdentifier>{93995380-89BD-4b04-88EB-625FBE52EBFB}</UniqueIdentifier>
      <Extensions>h;hh;hpp;hxx;hm;inl;inc;xsd</Extensions>
    </Filter>
    <Filter Include="Resource Files">
      <UniqueIdentifier>{67DA6AB6-F800-4c08-8B7A-83BB121AAD01}</UniqueIdentifier>
      <Extensions>rc;ico;cur;bmp;dlg;rc2;rct;bin;rgs;gif;jpg;jpeg;jpe;resx;tiff;tif;png;wav;mfcribbon-ms</Extensions>
    </Filter>
    <Filter Include="Source Files\NewFilter1">
      <UniqueIdentifier>{61c0bbcd-c4c0-4a67-b086-038200bb84d5}</UniqueIdentifier>
    </Filter>
    <Filter Include="Header Files\NewFilter1">
      <UniqueIdentifier>{961e8422-e88d-41b0-9601-b3e2cf2542df}</UniqueIdentifier>
    </Filter>
    <Filter Include="Source Files\Test_Code">
      <UniqueIdentifier>{1a09cd6a-70e9-45c4-9198-66ec469ce0ea}</UniqueIdentifier>
    </Filter>
    <Filter Include="Header Files\Test_Code">
      <UniqueIdentifier>{03950ab4-8c73-4226-8ea7-4b7c916292bb}</UniqueIdentifier>
    </Filter>
  </ItemGroup>
  <ItemGroup>
    <ClCompile Include="Trie.cpp">
      <Filter>Source Files\NewFilter1</Filter>
    </ClCompile>
    <ClCompile Include="Trie_Test.cpp">
      <Filter>Source Files\Test_Code</Filter>
    </ClCompile>
    <ClCompile Include="Main.cpp">
      <Filter>Source Files</Filter>
    </ClCompile>
    <ClCompile Include="SegmentTree.cpp">
      <Filter>Source Files\NewFilter1</Filter>
    </ClCompile>
    <ClCompile Include="SegmentTreeTest.cpp">
      <Filter>Source Files\Test_Code</Filter>
    </ClCompile>
    <ClCompile Include="TrieMock.cpp">
      <Filter>Source Files\Test_Code</Filter>
    </ClCompile>
  </ItemGroup>
  <ItemGroup>
    <ClInclude Include="Trie.h">
      <Filter>Header Files\NewFilter1</Filter>
    </ClInclude>
    <ClInclude Include="SegmentTree.h">
      <Filter>Header Files\NewFilter1</Filter>
    </ClInclude>
  </ItemGroup>
</Project>